
Microsoft Visual Studio Solution File, Format Version 12.00
# Visual Studio Version 17
VisualStudioVersion = 17.14.37516.0 d17.14
MinimumVisualStudioVersion = 10.0.40219.1
Project("{FAE04EC0-301F-11D3-BF4B-00C04F79EFBC}") = "PCBManufacturing", "PCBManufacturing\PCBManufacturing.csproj", "{5CA90B05-7E4C-44B9-9932-D89604C68838}"
EndProject
Global
	GlobalSection(SolutionConfigurationPlatforms) = preSolution
		Debug|Any CPU = Debug|Any CPU
		Release|Any CPU = Release|Any CPU
	EndGlobalSection
	GlobalSection(ProjectConfigurationPlatforms) = postSolution
		{5CA90B05-7E4C-44B9-9932-D89604C68838}.Debug|Any CPU.ActiveCfg = Debug|Any CPU
		{5CA90B05-7E4C-44B9-9932-D89604C68838}.Debug|Any CPU.Build.0 = Debug|Any CPU
		{5CA90B05-7E4C-44B9-9932-D89604C68838}.Release|Any CPU.ActiveCfg = Release|Any CPU
		{5CA90B05-7E4C-44B9-9932-D89604C68838}.Release|Any CPU.Build.0 = Release|Any CPU
	EndGlobalSection
	GlobalSection(SolutionProperties) = preSolution
		HideSolutionNode = FALSE
	EndGlobalSection
	GlobalSection(ExtensibilityGlobals) = postSolution
		SolutionGuid = {FA0C2C55-E509-4609-B9D5-F93CC547C39C}
	EndGlobalSection
EndGlobal
